
Microsoft Visual Studio Solution File, Format Version 12.00
# Visual Studio Version 17
VisualStudioVersion = 17.4.33205.214
MinimumVisualStudioVersion = 10.0.40219.1
Project("{FAE04EC0-301F-11D3-BF4B-00C04F79EFBC}") = "VDOEasy", "VDOEasy\VDOEasy.csproj", "{32AEC334-9A77-4EB9-BB93-7570C90B36E5}"
EndProject
Global
	GlobalSection(SolutionConfigurationPlatforms) = preSolution
		Debug|Any CPU = Debug|Any CPU
		Release|Any CPU = Release|Any CPU
	EndGlobalSection
	GlobalSection(ProjectConfigurationPlatforms) = postSolution
		{32AEC334-9A77-4EB9-BB93-7570C90B36E5}.Debug|Any CPU.ActiveCfg = Debug|Any CPU
		{32AEC334-9A77-4EB9-BB93-7570C90B36E5}.Debug|Any CPU.Build.0 = Debug|Any CPU
		{32AEC334-9A77-4EB9-BB93-7570C90B36E5}.Release|Any CPU.ActiveCfg = Release|Any CPU
		{32AEC334-9A77-4EB9-BB93-7570C90B36E5}.Release|Any CPU.Build.0 = Release|Any CPU
	EndGlobalSection
	GlobalSection(SolutionProperties) = preSolution
		HideSolutionNode = FALSE
	EndGlobalSection
	GlobalSection(ExtensibilityGlobals) = postSolution
		SolutionGuid = {18302662-0003-45B0-9A5B-84DC03CC8D63}
	EndGlobalSection
EndGlobal
